// !$*UTF8*$!
{
	archiveVersion = 1;
	classes = {
	};
	objectVersion = 46;
	objects = {

/* Begin PBXBuildFile section */
		62A6D9F11C1DD640004DBFAA /* main.m in Sources */ = {isa = PBXBuildFile; fileRef = 62A6D9F01C1DD640004DBFAA /* main.m */; };
		62A6D9F41C1DD640004DBFAA /* AppDelegate.m in Sources */ = {isa = PBXBuildFile; fileRef = 62A6D9F31C1DD640004DBFAA /* AppDelegate.m */; };
		62A6D9F71C1DD640004DBFAA /* ViewController.m in Sources */ = {isa = PBXBuildFile; fileRef = 62A6D9F61C1DD640004DBFAA /* ViewController.m */; };
		62A6D9FA1C1DD640004DBFAA /* Main.storyboard in Resources */ = {isa = PBXBuildFile; fileRef = 62A6D9F81C1DD640004DBFAA /* Main.storyboard */; };
		62A6D9FC1C1DD640004DBFAA /* Assets.xcassets in Resources */ = {isa = PBXBuildFile; fileRef = 62A6D9FB1C1DD640004DBFAA /* Assets.xcassets */; };
		62A6D9FF1C1DD640004DBFAA /* LaunchScreen.storyboard in Resources */ = {isa = PBXBuildFile; fileRef = 62A6D9FD1C1DD640004DBFAA /* LaunchScreen.storyboard */; };
/* End PBXBuildFile section */

/* Begin PBXFileReference section */
		62A6D9EC1C1DD640004DBFAA /* dradra.app */ = {isa = PBXFileReference; explicitFileType = wrapper.application; includeInIndex = 0; path = dradra.app; sourceTree = BUILT_PRODUCTS_DIR; };
		62A6D9F01C1DD640004DBFAA /* main.m */ = {isa = PBXFileReference; lastKnownFileType = sourcecode.c.objc; path = main.m; sourceTree = "<group>"; };
		62A6D9F21C1DD640004DBFAA /* AppDelegate.h */ = {isa = PBXFileReference; lastKnownFileType = sourcecode.c.h; path = AppDelegate.h; sourceTree = "<group>"; };
		62A6D9F31C1DD640004DBFAA /* AppDelegate.m */ = {isa = PBXFileReference; lastKnownFileType = sourcecode.c.objc; path = AppDelegate.m; sourceTree = "<group>"; };
		62A6D9F51C1DD640004DBFAA /* ViewController.h */ = {isa = PBXFileReference; lastKnownFileType = sourcecode.c.h; path = ViewController.h; sourceTree = "<group>"; };
		62A6D9F61C1DD640004DBFAA /* ViewController.m */ = {isa = PBXFileReference; lastKnownFileType = sourcecode.c.objc; path = ViewController.m; sourceTree = "<group>"; };
		62A6D9F91C1DD640004DBFAA /* Base */ = {isa = PBXFileReference; lastKnownFileType = file.storyboard; name = Base; path = Base.lproj/Main.storyboard; sourceTree = "<group>"; };
		62A6D9FB1C1DD640004DBFAA /* Assets.xcassets */ = {isa = PBXFileReference; lastKnownFileType = folder.assetcatalog; path = Assets.xcassets; sourceTree = "<group>"; };
		62A6D9FE1C1DD640004DBFAA /* Base */ = {isa = PBXFileReference; lastKnownFileType = file.storyboard; name = Base; path = Base.lproj/LaunchScreen.storyboard; sourceTree = "<group>"; };
		62A6DA001C1DD640004DBFAA /* Info.plist */ = {isa = PBXFileReference; lastKnownFileType = text.plist.xml; path = Info.plist; sourceTree = "<group>"; };
/* End PBXFileReference section */

/* Begin PBXFrameworksBuildPhase section */
		62A6D9E91C1DD640004DBFAA /* Frameworks */ = {
			isa = PBXFrameworksBuildPhase;
			buildActionMask = 2147483647;
			files = (
			);
			runOnlyForDeploymentPostprocessing = 0;
		};
/* End PBXFrameworksBuildPhase section */

/* Begin PBXGroup section */
		62A6D9E31C1DD640004DBFAA = {
			isa = PBXGroup;
			children = (
				62A6D9EE1C1DD640004DBFAA /* dradra */,
				62A6D9ED1C1DD640004DBFAA /* Products */,
			);
			sourceTree = "<group>";
		};
		62A6D9ED1C1DD640004DBFAA /* Products */ = {
			isa = PBXGroup;
			children = (
				62A6D9EC1C1DD640004DBFAA /* dradra.app */,
			);
			name = Products;
			sourceTree = "<group>";
		};
		62A6D9EE1C1DD640004DBFAA /* dradra */ = {
			isa = PBXGroup;
			children = (
				62A6D9F21C1DD640004DBFAA /* AppDelegate.h */,
				62A6D9F31C1DD640004DBFAA /* AppDelegate.m */,
				62A6D9F51C1DD640004DBFAA /* ViewController.h */,
				62A6D9F61C1DD640004DBFAA /* ViewController.m */,
				62A6D9F81C1DD640004DBFAA /* Main.storyboard */,
				62A6D9FB1C1DD640004DBFAA /* Assets.xcassets */,
				62A6D9FD1C1DD640004DBFAA /* LaunchScreen.storyboard */,
				62A6DA001C1DD640004DBFAA /* Info.plist */,
				62A6D9EF1C1DD640004DBFAA /* Supporting Files */,
			);
			path = dradra;
			sourceTree = "<group>";
		};
		62A6D9EF1C1DD640004DBFAA /* Supporting Files */ = {
			isa = PBXGroup;
			children = (
				62A6D9F01C1DD640004DBFAA /* main.m */,
			);
			name = "Supporting Files";
			sourceTree = "<group>";
		};
/* End PBXGroup section */

/* Begin PBXNativeTarget section */
		62A6D9EB1C1DD640004DBFAA /* dradra */ = {
			isa = PBXNativeTarget;
			buildConfigurationList = 62A6DA031C1DD640004DBFAA /* Build configuration list for PBXNativeTarget "dradra" */;
			buildPhases = (
				62A6D9E81C1DD640004DBFAA /* Sources */,
				62A6D9E91C1DD640004DBFAA /* Frameworks */,
				62A6D9EA1C1DD640004DBFAA /* Resources */,
			);
			buildRules = (
			);
			dependencies = (
			);
			name = dradra;
			productName = dradra;
			productReference = 62A6D9EC1C1DD640004DBFAA /* dradra.app */;
			productType = "com.apple.product-type.application";
		};
/* End PBXNativeTarget section */

/* Begin PBXProject section */
		62A6D9E41C1DD640004DBFAA /* Project object */ = {
			isa = PBXProject;
			attributes = {
				LastUpgradeCheck = 0710;
				ORGANIZATIONNAME = "Roberto Cordon";
				TargetAttributes = {
					62A6D9EB1C1DD640004DBFAA = {
						CreatedOnToolsVersion = 7.1.1;
					};
				};
			};
			buildConfigurationList = 62A6D9E71C1DD640004DBFAA /* Build configuration list for PBXProject "dradra" */;
			compatibilityVersion = "Xcode 3.2";
			developmentRegion = English;
			hasScannedForEncodings = 0;
			knownRegions = (
				en,
				Base,
			);
			mainGroup = 62A6D9E31C1DD640004DBFAA;
			productRefGroup = 62A6D9ED1C1DD640004DBFAA /* Products */;
			projectDirPath = "";
			projectRoot = "";
			targets = (
				62A6D9EB1C1DD640004DBFAA /* dradra */,
			);
		};
/* End PBXProject section */

/* Begin PBXResourcesBuildPhase section */
		62A6D9EA1C1DD640004DBFAA /* Resources */ = {
			isa = PBXResourcesBuildPhase;
			buildActionMask = 2147483647;
			files = (
				62A6D9FF1C1DD640004DBFAA /* LaunchScreen.storyboard in Resources */,
				62A6D9FC1C1DD640004DBFAA /* Assets.xcassets in Resources */,
				62A6D9FA1C1DD640004DBFAA /* Main.storyboard in Resources */,
			);
			runOnlyForDeploymentPostprocessing = 0;
		};
/* End PBXResourcesBuildPhase section */

/* Begin PBXSourcesBuildPhase section */
		62A6D9E81C1DD640004DBFAA /* Sources */ = {
			isa = PBXSourcesBuildPhase;
			buildActionMask = 2147483647;
			files = (
				62A6D9F71C1DD640004DBFAA /* ViewController.m in Sources */,
				62A6D9F41C1DD640004DBFAA /* AppDelegate.m in Sources */,
				62A6D9F11C1DD640004DBFAA /* main.m in Sources */,
			);
			runOnlyForDeploymentPostprocessing = 0;
		};
/* End PBXSourcesBuildPhase section */

/* Begin PBXVariantGroup section */
		62A6D9F81C1DD640004DBFAA /* Main.storyboard */ = {
			isa = PBXVariantGroup;
			children = (
				62A6D9F91C1DD640004DBFAA /* Base */,
			);
			name = Main.storyboard;
			sourceTree = "<group>";
		};
		62A6D9FD1C1DD640004DBFAA /* LaunchScreen.storyboard */ = {
			isa = PBXVariantGroup;
			children = (
				62A6D9FE1C1DD640004DBFAA /* Base */,
			);
			name = LaunchScreen.storyboard;
			sourceTree = "<group>";
		};
/* End PBXVariantGroup section */

/* Begin XCBuildConfiguration section */
		62A6DA011C1DD640004DBFAA /* Debug */ = {
			isa = XCBuildConfiguration;
			buildSettings = {
				ALWAYS_SEARCH_USER_PATHS = NO;
				CLANG_CXX_LANGUAGE_STANDARD = "gnu++0x";
				CLANG_CXX_LIBRARY = "libc++";
				CLANG_ENABLE_MODULES = YES;
				CLANG_ENABLE_OBJC_ARC = YES;
				CLANG_WARN_BOOL_CONVERSION = YES;
				CLANG_WARN_CONSTANT_CONVERSION = YES;
				CLANG_WARN_DIRECT_OBJC_ISA_USAGE = YES_ERROR;
				CLANG_WARN_EMPTY_BODY = YES;
				CLANG_WARN_ENUM_CONVERSION = YES;
				CLANG_WARN_INT_CONVERSION = YES;
				CLANG_WARN_OBJC_ROOT_CLASS = YES_ERROR;
				CLANG_WARN_UNREACHABLE_CODE = YES;
				CLANG_WARN__DUPLICATE_METHOD_MATCH = YES;
				"CODE_SIGN_IDENTITY[sdk=iphoneos*]" = "iPhone Developer";
				COPY_PHASE_STRIP = NO;
				DEBUG_INFORMATION_FORMAT = dwarf;
				ENABLE_STRICT_OBJC_MSGSEND = YES;
				ENABLE_TESTABILITY = YES;
				GCC_C_LANGUAGE_STANDARD = gnu99;
				GCC_DYNAMIC_NO_PIC = NO;
				GCC_NO_COMMON_BLOCKS = YES;
				GCC_OPTIMIZATION_LEVEL = 0;
				GCC_PREPROCESSOR_DEFINITIONS = (
					"DEBUG=1",
					"$(inherited)",
				);
				GCC_WARN_64_TO_32_BIT_CONVERSION = YES;
				GCC_WARN_ABOUT_RETURN_TYPE = YES_ERROR;
				GCC_WARN_UNDECLARED_SELECTOR = YES;
				GCC_WARN_UNINITIALIZED_AUTOS = YES_AGGRESSIVE;
				GCC_WARN_UNUSED_FUNCTION = YES;
				GCC_WARN_UNUSED_VARIABLE = YES;
				IPHONEOS_DEPLOYMENT_TARGET = 9.1;
				MTL_ENABLE_DEBUG_INFO = YES;
				ONLY_ACTIVE_ARCH = YES;
				SDKROOT = iphoneos;
			};
			name = Debug;
		};
		62A6DA021C1DD640004DBFAA /* Release */ = {
			isa = XCBuildConfiguration;
			buildSettings = {
				ALWAYS_SEARCH_USER_PATHS = NO;
				CLANG_CXX_LANGUAGE_STANDARD = "gnu++0x";
				CLANG_CXX_LIBRARY = "libc++";
				CLANG_ENABLE_MODULES = YES;
				CLANG_ENABLE_OBJC_ARC = YES;
				CLANG_WARN_BOOL_CONVERSION = YES;
				CLANG_WARN_CONSTANT_CONVERSION = YES;
				CLANG_WARN_DIRECT_OBJC_ISA_USAGE = YES_ERROR;
				CLANG_WARN_EMPTY_BODY = YES;
				CLANG_WARN_ENUM_CONVERSION = YES;
				CLANG_WARN_INT_CONVERSION = YES;
				CLANG_WARN_OBJC_ROOT_CLASS = YES_ERROR;
				CLANG_WARN_UNREACHABLE_CODE = YES;
				CLANG_WARN__DUPLICATE_METHOD_MATCH = YES;
				"CODE_SIGN_IDENTITY[sdk=iphoneos*]" = "iPhone Developer";
				COPY_PHASE_STRIP = NO;
				DEBUG_INFORMATION_FORMAT = "dwarf-with-dsym";
				ENABLE_NS_ASSERTIONS = NO;
				ENABLE_STRICT_OBJC_MSGSEND = YES;
				GCC_C_LANGUAGE_STANDARD = gnu99;
				GCC_NO_COMMON_BLOCKS = YES;
				GCC_WARN_64_TO_32_BIT_CONVERSION = YES;
				GCC_WARN_ABOUT_RETURN_TYPE = YES_ERROR;
				GCC_WARN_UNDECLARED_SELECTOR = YES;
				GCC_WARN_UNINITIALIZED_AUTOS = YES_AGGRESSIVE;
				GCC_WARN_UNUSED_FUNCTION = YES;
				GCC_WARN_UNUSED_VARIABLE = YES;
				IPHONEOS_DEPLOYMENT_TARGET = 9.1;
				MTL_ENABLE_DEBUG_INFO = NO;
				SDKROOT = iphoneos;
				VALIDATE_PRODUCT = YES;
			};
			name = Release;
		};
		62A6DA041C1DD640004DBFAA /* Debug */ = {
			isa = XCBuildConfiguration;
			buildSettings = {
				ASSETCATALOG_COMPILER_APPICON_NAME = AppIcon;
				INFOPLIST_FILE = dradra/Info.plist;
				LD_RUNPATH_SEARCH_PATHS = "$(inherited) @executable_path/Frameworks";
				PRODUCT_BUNDLE_IDENTIFIER = com.roberto.cordon.dradra;
				PRODUCT_NAME = "$(TARGET_NAME)";
			};
			name = Debug;
		};
		62A6DA051C1DD640004DBFAA /* Release */ = {
			isa = XCBuildConfiguration;
			buildSettings = {
				ASSETCATALOG_COMPILER_APPICON_NAME = AppIcon;
				INFOPLIST_FILE = dradra/Info.plist;
				LD_RUNPATH_SEARCH_PATHS = "$(inherited) @executable_path/Frameworks";
				PRODUCT_BUNDLE_IDENTIFIER = com.roberto.cordon.dradra;
				PRODUCT_NAME = "$(TARGET_NAME)";
			};
			name = Release;
		};
/* End XCBuildConfiguration section */

/* Begin XCConfigurationList section */
		62A6D9E71C1DD640004DBFAA /* Build configuration list for PBXProject "dradra" */ = {
			isa = XCConfigurationList;
			buildConfigurations = (
				62A6DA011C1DD640004DBFAA /* Debug */,
				62A6DA021C1DD640004DBFAA /* Release */,
			);
			defaultConfigurationIsVisible = 0;
			defaultConfigurationName = Release;
		};
		62A6DA031C1DD640004DBFAA /* Build configuration list for PBXNativeTarget "dradra" */ = {
			isa = XCConfigurationList;
			buildConfigurations = (
				62A6DA041C1DD640004DBFAA /* Debug */,
				62A6DA051C1DD640004DBFAA /* Release */,
			);
			defaultConfigurationIsVisible = 0;
		};
/* End XCConfigurationList section */
	};
	rootObject = 62A6D9E41C1DD640004DBFAA /* Project object */;
}
